
Microsoft Visual Studio Solution File, Format Version 12.00
# Visual Studio Version 17
VisualStudioVersion = 17.9.34902.65
MinimumVisualStudioVersion = 10.0.40219.1
Project("{FAE04EC0-301F-11D3-BF4B-00C04F79EFBC}") = "testtest", "testtest\testtest.csproj", "{C8CF1FB1-8FAC-4511-855A-AD252E25190B}"
EndProject
Global
	GlobalSection(SolutionConfigurationPlatforms) = preSolution
		Debug|Any CPU = Debug|Any CPU
		Release|Any CPU = Release|Any CPU
	EndGlobalSection
	GlobalSection(ProjectConfigurationPlatforms) = postSolution
		{C8CF1FB1-8FAC-4511-855A-AD252E25190B}.Debug|Any CPU.ActiveCfg = Debug|Any CPU
		{C8CF1FB1-8FAC-4511-855A-AD252E25190B}.Debug|Any CPU.Build.0 = Debug|Any CPU
		{C8CF1FB1-8FAC-4511-855A-AD252E25190B}.Release|Any CPU.ActiveCfg = Release|Any CPU
		{C8CF1FB1-8FAC-4511-855A-AD252E25190B}.Release|Any CPU.Build.0 = Release|Any CPU
	EndGlobalSection
	GlobalSection(SolutionProperties) = preSolution
		HideSolutionNode = FALSE
	EndGlobalSection
	GlobalSection(ExtensibilityGlobals) = postSolution
		SolutionGuid = {4A120F6B-5E34-45C1-97EE-AC22A97650A0}
	EndGlobalSection
EndGlobal
